# This file is autogenerated, do not edit; changes may be undone by the next 'dep ensure'.


[[projects]]
  branch = "master"
  name = "github.com/go-redis/redis"
  packages = [".","internal","internal/consistenthash","internal/hashtag","internal/pool","internal/proto"]
  revision = "75ceb983b7abedf60a9b86a57b78fd886b0c5a25"

[[projects]]
  branch = "master"
  name = "github.com/julienschmidt/httprouter"
  packages = ["."]
  revision = "975b5c4c7c21c0e3d2764200bf2aa8e34657ae6e"

[[projects]]
  branch = "master"
  name = "github.com/kelseyhightower/envconfig"
  packages = ["."]
  revision = "70f0258d44cbaa3b6a2581d82f58da01a38e4de4"

[[projects]]
  branch = "master"
  name = "go4.org"
  packages = ["syncutil"]
  revision = "034d17a462f7b2dcd1a4a73553ec5357ff6e6c6e"

[solve-meta]
  analyzer-name = "dep"
  analyzer-version = 1
  inputs-digest = "474c0d4800055bccff1e713bad4e2806654086cd3985513137e243e91828bc9a"
  solver-name = "gps-cdcl"
  solver-version = 1
